{
    "name": "@senacor/azure-function-middleware-openapi-generator-example",
    "version": "1.0.0",
    "lockfileVersion": 3,
    "requires": true,
    "packages": {
        "": {
            "name": "@senacor/azure-function-middleware-openapi-generator-example",
            "version": "1.0.0",
            "license": "MIT",
            "dependencies": {
                "@azure/functions": "4.6.0",
                "@senacor/azure-function-middleware": "3.2.0",
                "joi": "17.13.3"
            },
            "devDependencies": {
                "typescript": "5.7.2"
            }
        },
        "node_modules/@azure/abort-controller": {
            "version": "2.1.2",
            "resolved": "https://registry.npmjs.org/@azure/abort-controller/-/abort-controller-2.1.2.tgz",
            "integrity": "sha512-nBrLsEWm4J2u5LpAPjxADTlq3trDgVZZXHNKabeXZtpq3d3AbN/KGO82R87rdDz5/lYB024rtEf10/q0urNgsA==",
            "dependencies": {
                "tslib": "^2.6.2"
            },
            "engines": {
                "node": ">=18.0.0"
            }
        },
        "node_modules/@azure/core-auth": {
            "version": "1.7.2",
            "resolved": "https://registry.npmjs.org/@azure/core-auth/-/core-auth-1.7.2.tgz",
            "integrity": "sha512-Igm/S3fDYmnMq1uKS38Ae1/m37B3zigdlZw+kocwEhh5GjyKjPrXKO2J6rzpC1wAxrNil/jX9BJRqBshyjnF3g==",
            "dependencies": {
                "@azure/abort-controller": "^2.0.0",
                "@azure/core-util": "^1.1.0",
                "tslib": "^2.6.2"
            },
            "engines": {
                "node": ">=18.0.0"
            }
        },
        "node_modules/@azure/core-rest-pipeline": {
            "version": "1.16.3",
            "resolved": "https://registry.npmjs.org/@azure/core-rest-pipeline/-/core-rest-pipeline-1.16.3.tgz",
            "integrity": "sha512-VxLk4AHLyqcHsfKe4MZ6IQ+D+ShuByy+RfStKfSjxJoL3WBWq17VNmrz8aT8etKzqc2nAeIyLxScjpzsS4fz8w==",
            "dependencies": {
                "@azure/abort-controller": "^2.0.0",
                "@azure/core-auth": "^1.4.0",
                "@azure/core-tracing": "^1.0.1",
                "@azure/core-util": "^1.9.0",
                "@azure/logger": "^1.0.0",
                "http-proxy-agent": "^7.0.0",
                "https-proxy-agent": "^7.0.0",
                "tslib": "^2.6.2"
            },
            "engines": {
                "node": ">=18.0.0"
            }
        },
        "node_modules/@azure/core-tracing": {
            "version": "1.2.0",
            "resolved": "https://registry.npmjs.org/@azure/core-tracing/-/core-tracing-1.2.0.tgz",
            "integrity": "sha512-UKTiEJPkWcESPYJz3X5uKRYyOcJD+4nYph+KpfdPRnQJVrZfk0KJgdnaAWKfhsBBtAf/D58Az4AvCJEmWgIBAg==",
            "dependencies": {
                "tslib": "^2.6.2"
            },
            "engines": {
                "node": ">=18.0.0"
            }
        },
        "node_modules/@azure/core-util": {
            "version": "1.11.0",
            "resolved": "https://registry.npmjs.org/@azure/core-util/-/core-util-1.11.0.tgz",
            "integrity": "sha512-DxOSLua+NdpWoSqULhjDyAZTXFdP/LKkqtYuxxz1SCN289zk3OG8UOpnCQAz/tygyACBtWp/BoO72ptK7msY8g==",
            "dependencies": {
                "@azure/abort-controller": "^2.0.0",
                "tslib": "^2.6.2"
            },
            "engines": {
                "node": ">=18.0.0"
            }
        },
        "node_modules/@azure/functions": {
            "version": "4.6.0",
            "resolved": "https://registry.npmjs.org/@azure/functions/-/functions-4.6.0.tgz",
            "integrity": "sha512-vGq9jXlgrJ3KaI8bepgfpk26zVY8vFZsQukF85qjjKTAR90eFOOBNaa+mc/0ViDY2lcdrU2fL/o1pQyZUtTDsw==",
            "dependencies": {
                "cookie": "^0.7.0",
                "long": "^4.0.0",
                "undici": "^5.13.0"
            },
            "engines": {
                "node": ">=18.0"
            }
        },
        "node_modules/@azure/logger": {
            "version": "1.1.4",
            "resolved": "https://registry.npmjs.org/@azure/logger/-/logger-1.1.4.tgz",
            "integrity": "sha512-4IXXzcCdLdlXuCG+8UKEwLA1T1NHqUfanhXYHiQTn+6sfWCZXduqbtXDGceg3Ce5QxTGo7EqmbV6Bi+aqKuClQ==",
            "dependencies": {
                "tslib": "^2.6.2"
            },
            "engines": {
                "node": ">=18.0.0"
            }
        },
        "node_modules/@azure/opentelemetry-instrumentation-azure-sdk": {
            "version": "1.0.0-beta.7",
            "resolved": "https://registry.npmjs.org/@azure/opentelemetry-instrumentation-azure-sdk/-/opentelemetry-instrumentation-azure-sdk-1.0.0-beta.7.tgz",
            "integrity": "sha512-boG33EDRcbw0Jo2cRgB6bccSirKOzYdYFMdcSsnOajLCLfJ8WIve3vxUMi7YZKxM8txZX/0cwzUU6crXmYxXZg==",
            "dependencies": {
                "@azure/core-tracing": "^1.2.0",
                "@azure/logger": "^1.0.0",
                "@opentelemetry/api": "^1.9.0",
                "@opentelemetry/core": "^1.26.0",
                "@opentelemetry/instrumentation": "^0.53.0",
                "tslib": "^2.7.0"
            },
            "engines": {
                "node": ">=18.0.0"
            }
        },
        "node_modules/@fastify/busboy": {
            "version": "2.1.1",
            "resolved": "https://registry.npmjs.org/@fastify/busboy/-/busboy-2.1.1.tgz",
            "integrity": "sha512-vBZP4NlzfOlerQTnba4aqZoMhE/a9HY7HRqoOPaETQcSQuWEIyZMHGfVu6w9wGtGK5fED5qRs2DteVCjOH60sA==",
            "engines": {
                "node": ">=14"
            }
        },
        "node_modules/@hapi/hoek": {
            "version": "9.3.0",
            "resolved": "https://registry.npmjs.org/@hapi/hoek/-/hoek-9.3.0.tgz",
            "integrity": "sha512-/c6rf4UJlmHlC9b5BaNvzAcFv7HZ2QHaV0D4/HNlBdvFnvQq8RI4kYdhyPCl7Xj+oWvTWQ8ujhqS53LIgAe6KQ=="
        },
        "node_modules/@hapi/topo": {
            "version": "5.1.0",
            "resolved": "https://registry.npmjs.org/@hapi/topo/-/topo-5.1.0.tgz",
            "integrity": "sha512-foQZKJig7Ob0BMAYBfcJk8d77QtOe7Wo4ox7ff1lQYoNNAb6jwcY1ncdoy2e9wQZzvNy7ODZCYJkK8kzmcAnAg==",
            "dependencies": {
                "@hapi/hoek": "^9.0.0"
            }
        },
        "node_modules/@microsoft/applicationinsights-web-snippet": {
            "version": "1.0.1",
            "resolved": "https://registry.npmjs.org/@microsoft/applicationinsights-web-snippet/-/applicationinsights-web-snippet-1.0.1.tgz",
            "integrity": "sha512-2IHAOaLauc8qaAitvWS+U931T+ze+7MNWrDHY47IENP5y2UA0vqJDu67kWZDdpCN1fFC77sfgfB+HV7SrKshnQ=="
        },
        "node_modules/@opentelemetry/api": {
            "version": "1.9.0",
            "resolved": "https://registry.npmjs.org/@opentelemetry/api/-/api-1.9.0.tgz",
            "integrity": "sha512-3giAOQvZiH5F9bMlMiv8+GSPMeqg0dbaeo58/0SlA9sxSqZhnUtxzX9/2FzyhS9sWQf5S0GJE0AKBrFqjpeYcg==",
            "peer": true,
            "engines": {
                "node": ">=8.0.0"
            }
        },
        "node_modules/@opentelemetry/api-logs": {
            "version": "0.53.0",
            "resolved": "https://registry.npmjs.org/@opentelemetry/api-logs/-/api-logs-0.53.0.tgz",
            "integrity": "sha512-8HArjKx+RaAI8uEIgcORbZIPklyh1YLjPSBus8hjRmvLi6DeFzgOcdZ7KwPabKj8mXF8dX0hyfAyGfycz0DbFw==",
            "dependencies": {
                "@opentelemetry/api": "^1.0.0"
            },
            "engines": {
                "node": ">=14"
            }
        },
        "node_modules/@opentelemetry/core": {
            "version": "1.29.0",
            "resolved": "https://registry.npmjs.org/@opentelemetry/core/-/core-1.29.0.tgz",
            "integrity": "sha512-gmT7vAreXl0DTHD2rVZcw3+l2g84+5XiHIqdBUxXbExymPCvSsGOpiwMmn8nkiJur28STV31wnhIDrzWDPzjfA==",
            "dependencies": {
                "@opentelemetry/semantic-conventions": "1.28.0"
            },
            "engines": {
                "node": ">=14"
            },
            "peerDependencies": {
                "@opentelemetry/api": ">=1.0.0 <1.10.0"
            }
        },
        "node_modules/@opentelemetry/instrumentation": {
            "version": "0.53.0",
            "resolved": "https://registry.npmjs.org/@opentelemetry/instrumentation/-/instrumentation-0.53.0.tgz",
            "integrity": "sha512-DMwg0hy4wzf7K73JJtl95m/e0boSoWhH07rfvHvYzQtBD3Bmv0Wc1x733vyZBqmFm8OjJD0/pfiUg1W3JjFX0A==",
            "dependencies": {
                "@opentelemetry/api-logs": "0.53.0",
                "@types/shimmer": "^1.2.0",
                "import-in-the-middle": "^1.8.1",
                "require-in-the-middle": "^7.1.1",
                "semver": "^7.5.2",
                "shimmer": "^1.2.1"
            },
            "engines": {
                "node": ">=14"
            },
            "peerDependencies": {
                "@opentelemetry/api": "^1.3.0"
            }
        },
        "node_modules/@opentelemetry/resources": {
            "version": "1.29.0",
            "resolved": "https://registry.npmjs.org/@opentelemetry/resources/-/resources-1.29.0.tgz",
            "integrity": "sha512-s7mLXuHZE7RQr1wwweGcaRp3Q4UJJ0wazeGlc/N5/XSe6UyXfsh1UQGMADYeg7YwD+cEdMtU1yJAUXdnFzYzyQ==",
            "dependencies": {
                "@opentelemetry/core": "1.29.0",
                "@opentelemetry/semantic-conventions": "1.28.0"
            },
            "engines": {
                "node": ">=14"
            },
            "peerDependencies": {
                "@opentelemetry/api": ">=1.0.0 <1.10.0"
            }
        },
        "node_modules/@opentelemetry/sdk-trace-base": {
            "version": "1.29.0",
            "resolved": "https://registry.npmjs.org/@opentelemetry/sdk-trace-base/-/sdk-trace-base-1.29.0.tgz",
            "integrity": "sha512-hEOpAYLKXF3wGJpXOtWsxEtqBgde0SCv+w+jvr3/UusR4ll3QrENEGnSl1WDCyRrpqOQ5NCNOvZch9UFVa7MnQ==",
            "dependencies": {
                "@opentelemetry/core": "1.29.0",
                "@opentelemetry/resources": "1.29.0",
                "@opentelemetry/semantic-conventions": "1.28.0"
            },
            "engines": {
                "node": ">=14"
            },
            "peerDependencies": {
                "@opentelemetry/api": ">=1.0.0 <1.10.0"
            }
        },
        "node_modules/@opentelemetry/semantic-conventions": {
            "version": "1.28.0",
            "resolved": "https://registry.npmjs.org/@opentelemetry/semantic-conventions/-/semantic-conventions-1.28.0.tgz",
            "integrity": "sha512-lp4qAiMTD4sNWW4DbKLBkfiMZ4jbAboJIGOQr5DvciMRI494OapieI9qiODpOt0XBr1LjIDy1xAGAnVs5supTA==",
            "engines": {
                "node": ">=14"
            }
        },
        "node_modules/@senacor/azure-function-middleware": {
            "version": "3.2.0",
            "resolved": "https://registry.npmjs.org/@senacor/azure-function-middleware/-/azure-function-middleware-3.2.0.tgz",
            "integrity": "sha512-nMQADuudBeUcYXs2Us5t2mVVDRFAIZpKM8AKwUIC7G9tYX5loc+65YXH9Ao88RPL68hRj7kAmd+nLzVicdBhmg==",
            "dependencies": {
                "@azure/functions": "^4.0.0",
                "jwt-decode": "^4.0.0"
            },
            "peerDependencies": {
                "applicationinsights": "^2.5.0",
                "durable-functions": "^3.1.0",
                "joi": "^17.9.1"
            }
        },
        "node_modules/@sideway/address": {
            "version": "4.1.5",
            "resolved": "https://registry.npmjs.org/@sideway/address/-/address-4.1.5.tgz",
            "integrity": "sha512-IqO/DUQHUkPeixNQ8n0JA6102hT9CmaljNTPmQ1u8MEhBo/R4Q8eKLN/vGZxuebwOroDB4cbpjheD4+/sKFK4Q==",
            "dependencies": {
                "@hapi/hoek": "^9.0.0"
            }
        },
        "node_modules/@sideway/formula": {
            "version": "3.0.1",
            "resolved": "https://registry.npmjs.org/@sideway/formula/-/formula-3.0.1.tgz",
            "integrity": "sha512-/poHZJJVjx3L+zVD6g9KgHfYnb443oi7wLu/XKojDviHy6HOEOA6z1Trk5aR1dGcmPenJEgb2sK2I80LeS3MIg=="
        },
        "node_modules/@sideway/pinpoint": {
            "version": "2.0.0",
            "resolved": "https://registry.npmjs.org/@sideway/pinpoint/-/pinpoint-2.0.0.tgz",
            "integrity": "sha512-RNiOoTPkptFtSVzQevY/yWtZwf/RxyVnPy/OcA9HBM3MlGDnBEYL5B41H0MTn0Uec8Hi+2qUtTfG2WWZBmMejQ=="
        },
        "node_modules/@types/shimmer": {
            "version": "1.2.0",
            "resolved": "https://registry.npmjs.org/@types/shimmer/-/shimmer-1.2.0.tgz",
            "integrity": "sha512-UE7oxhQLLd9gub6JKIAhDq06T0F6FnztwMNRvYgjeQSBeMc1ZG/tA47EwfduvkuQS8apbkM/lpLpWsaCeYsXVg=="
        },
        "node_modules/acorn": {
            "version": "8.14.0",
            "resolved": "https://registry.npmjs.org/acorn/-/acorn-8.14.0.tgz",
            "integrity": "sha512-cl669nCJTZBsL97OF4kUQm5g5hC2uihk0NxY3WENAC0TYdILVkAyHymAntgxGkl7K+t0cXIrH5siy5S4XkFycA==",
            "peer": true,
            "bin": {
                "acorn": "bin/acorn"
            },
            "engines": {
                "node": ">=0.4.0"
            }
        },
        "node_modules/acorn-import-attributes": {
            "version": "1.9.5",
            "resolved": "https://registry.npmjs.org/acorn-import-attributes/-/acorn-import-attributes-1.9.5.tgz",
            "integrity": "sha512-n02Vykv5uA3eHGM/Z2dQrcD56kL8TyDb2p1+0P83PClMnC/nc+anbQRhIOWnSq4Ke/KvDPrY3C9hDtC/A3eHnQ==",
            "peerDependencies": {
                "acorn": "^8"
            }
        },
        "node_modules/agent-base": {
            "version": "7.1.3",
            "resolved": "https://registry.npmjs.org/agent-base/-/agent-base-7.1.3.tgz",
            "integrity": "sha512-jRR5wdylq8CkOe6hei19GGZnxM6rBGwFl3Bg0YItGDimvjGtAvdZk4Pu6Cl4u4Igsws4a1fd1Vq3ezrhn4KmFw==",
            "engines": {
                "node": ">= 14"
            }
        },
        "node_modules/applicationinsights": {
            "version": "2.9.6",
            "resolved": "https://registry.npmjs.org/applicationinsights/-/applicationinsights-2.9.6.tgz",
            "integrity": "sha512-BLeBYJUZaKmnzqG/6Q/IFSCqpiVECjSTIvwozLex/1ZZpSxOjPiBxGMev+iIBfNZ2pc7vvnV7DuPOtsoG2DJeQ==",
            "peer": true,
            "dependencies": {
                "@azure/core-auth": "1.7.2",
                "@azure/core-rest-pipeline": "1.16.3",
                "@azure/opentelemetry-instrumentation-azure-sdk": "^1.0.0-beta.5",
                "@microsoft/applicationinsights-web-snippet": "1.0.1",
                "@opentelemetry/api": "^1.7.0",
                "@opentelemetry/core": "^1.19.0",
                "@opentelemetry/sdk-trace-base": "^1.19.0",
                "@opentelemetry/semantic-conventions": "^1.19.0",
                "cls-hooked": "^4.2.2",
                "continuation-local-storage": "^3.2.1",
                "diagnostic-channel": "1.1.1",
                "diagnostic-channel-publishers": "1.0.8"
            },
            "engines": {
                "node": ">=8.0.0"
            },
            "peerDependencies": {
                "applicationinsights-native-metrics": "*"
            },
            "peerDependenciesMeta": {
                "applicationinsights-native-metrics": {
                    "optional": true
                }
            }
        },
        "node_modules/async-hook-jl": {
            "version": "1.7.6",
            "resolved": "https://registry.npmjs.org/async-hook-jl/-/async-hook-jl-1.7.6.tgz",
            "integrity": "sha512-gFaHkFfSxTjvoxDMYqDuGHlcRyUuamF8s+ZTtJdDzqjws4mCt7v0vuV79/E2Wr2/riMQgtG4/yUtXWs1gZ7JMg==",
            "dependencies": {
                "stack-chain": "^1.3.7"
            },
            "engines": {
                "node": "^4.7 || >=6.9 || >=7.3"
            }
        },
        "node_modules/async-listener": {
            "version": "0.6.10",
            "resolved": "https://registry.npmjs.org/async-listener/-/async-listener-0.6.10.tgz",
            "integrity": "sha512-gpuo6xOyF4D5DE5WvyqZdPA3NGhiT6Qf07l7DCB0wwDEsLvDIbCr6j9S5aj5Ch96dLace5tXVzWBZkxU/c5ohw==",
            "dependencies": {
                "semver": "^5.3.0",
                "shimmer": "^1.1.0"
            },
            "engines": {
                "node": "<=0.11.8 || >0.11.10"
            }
        },
        "node_modules/async-listener/node_modules/semver": {
            "version": "5.7.2",
            "resolved": "https://registry.npmjs.org/semver/-/semver-5.7.2.tgz",
            "integrity": "sha512-cBznnQ9KjJqU67B52RMC65CMarK2600WFnbkcaiwWq3xy/5haFJlshgnpjovMVJ+Hff49d8GEn0b87C5pDQ10g==",
            "bin": {
                "semver": "bin/semver"
            }
        },
        "node_modules/asynckit": {
            "version": "0.4.0",
            "resolved": "https://registry.npmjs.org/asynckit/-/asynckit-0.4.0.tgz",
            "integrity": "sha512-Oei9OH4tRh0YqU3GxhX79dM/mwVgvbZJaSNaRk+bshkj0S5cfHcgYakreBjrHwatXKbz+IoIdYLxrKim2MjW0Q=="
        },
        "node_modules/axios": {
            "version": "1.12.2",
            "resolved": "https://registry.npmjs.org/axios/-/axios-1.12.2.tgz",
            "integrity": "sha512-vMJzPewAlRyOgxV2dU0Cuz2O8zzzx9VYtbJOaBgXFeLc4IV/Eg50n4LowmehOOR61S8ZMpc2K5Sa7g6A4jfkUw==",
            "license": "MIT",
            "dependencies": {
                "follow-redirects": "^1.15.6",
                "form-data": "^4.0.4",
                "proxy-from-env": "^1.1.0"
            }
        },
        "node_modules/call-bind-apply-helpers": {
            "version": "1.0.2",
            "resolved": "https://registry.npmjs.org/call-bind-apply-helpers/-/call-bind-apply-helpers-1.0.2.tgz",
            "integrity": "sha512-Sp1ablJ0ivDkSzjcaJdxEunN5/XvksFJ2sMBFfq6x0ryhQV/2b/KwFe21cMpmHtPOSij8K99/wSfoEuTObmuMQ==",
            "license": "MIT",
            "dependencies": {
                "es-errors": "^1.3.0",
                "function-bind": "^1.1.2"
            },
            "engines": {
                "node": ">= 0.4"
            }
        },
        "node_modules/cjs-module-lexer": {
            "version": "1.4.1",
            "resolved": "https://registry.npmjs.org/cjs-module-lexer/-/cjs-module-lexer-1.4.1.tgz",
            "integrity": "sha512-cuSVIHi9/9E/+821Qjdvngor+xpnlwnuwIyZOaLmHBVdXL+gP+I6QQB9VkO7RI77YIcTV+S1W9AreJ5eN63JBA=="
        },
        "node_modules/cls-hooked": {
            "version": "4.2.2",
            "resolved": "https://registry.npmjs.org/cls-hooked/-/cls-hooked-4.2.2.tgz",
            "integrity": "sha512-J4Xj5f5wq/4jAvcdgoGsL3G103BtWpZrMo8NEinRltN+xpTZdI+M38pyQqhuFU/P792xkMFvnKSf+Lm81U1bxw==",
            "dependencies": {
                "async-hook-jl": "^1.7.6",
                "emitter-listener": "^1.0.1",
                "semver": "^5.4.1"
            },
            "engines": {
                "node": "^4.7 || >=6.9 || >=7.3 || >=8.2.1"
            }
        },
        "node_modules/cls-hooked/node_modules/semver": {
            "version": "5.7.2",
            "resolved": "https://registry.npmjs.org/semver/-/semver-5.7.2.tgz",
            "integrity": "sha512-cBznnQ9KjJqU67B52RMC65CMarK2600WFnbkcaiwWq3xy/5haFJlshgnpjovMVJ+Hff49d8GEn0b87C5pDQ10g==",
            "bin": {
                "semver": "bin/semver"
            }
        },
        "node_modules/combined-stream": {
            "version": "1.0.8",
            "resolved": "https://registry.npmjs.org/combined-stream/-/combined-stream-1.0.8.tgz",
            "integrity": "sha512-FQN4MRfuJeHf7cBbBMJFXhKSDq+2kAArBlmRBvcvFE5BB1HZKXtSFASDhdlz9zOYwxh8lDdnvmMOe/+5cdoEdg==",
            "dependencies": {
                "delayed-stream": "~1.0.0"
            },
            "engines": {
                "node": ">= 0.8"
            }
        },
        "node_modules/continuation-local-storage": {
            "version": "3.2.1",
            "resolved": "https://registry.npmjs.org/continuation-local-storage/-/continuation-local-storage-3.2.1.tgz",
            "integrity": "sha512-jx44cconVqkCEEyLSKWwkvUXwO561jXMa3LPjTPsm5QR22PA0/mhe33FT4Xb5y74JDvt/Cq+5lm8S8rskLv9ZA==",
            "dependencies": {
                "async-listener": "^0.6.0",
                "emitter-listener": "^1.1.1"
            }
        },
        "node_modules/cookie": {
            "version": "0.7.2",
            "resolved": "https://registry.npmjs.org/cookie/-/cookie-0.7.2.tgz",
            "integrity": "sha512-yki5XnKuf750l50uGTllt6kKILY4nQ1eNIQatoXEByZ5dWgnKqbnqmTrBE5B4N7lrMJKQ2ytWMiTO2o0v6Ew/w==",
            "engines": {
                "node": ">= 0.6"
            }
        },
        "node_modules/debug": {
            "version": "2.6.9",
            "resolved": "https://registry.npmjs.org/debug/-/debug-2.6.9.tgz",
            "integrity": "sha512-bC7ElrdJaJnPbAP+1EotYvqZsb3ecl5wi6Bfi6BJTUcNowp6cvspg0jXznRTKDjm/E7AdgFBVeAPVMNcKGsHMA==",
            "dependencies": {
                "ms": "2.0.0"
            }
        },
        "node_modules/delayed-stream": {
            "version": "1.0.0",
            "resolved": "https://registry.npmjs.org/delayed-stream/-/delayed-stream-1.0.0.tgz",
            "integrity": "sha512-ZySD7Nf91aLB0RxL4KGrKHBXl7Eds1DAmEdcoVawXnLD7SDhpNgtuII2aAkg7a7QS41jxPSZ17p4VdGnMHk3MQ==",
            "engines": {
                "node": ">=0.4.0"
            }
        },
        "node_modules/diagnostic-channel": {
            "version": "1.1.1",
            "resolved": "https://registry.npmjs.org/diagnostic-channel/-/diagnostic-channel-1.1.1.tgz",
            "integrity": "sha512-r2HV5qFkUICyoaKlBEpLKHjxMXATUf/l+h8UZPGBHGLy4DDiY2sOLcIctax4eRnTw5wH2jTMExLntGPJ8eOJxw==",
            "peer": true,
            "dependencies": {
                "semver": "^7.5.3"
            }
        },
        "node_modules/diagnostic-channel-publishers": {
            "version": "1.0.8",
            "resolved": "https://registry.npmjs.org/diagnostic-channel-publishers/-/diagnostic-channel-publishers-1.0.8.tgz",
            "integrity": "sha512-HmSm9hXxSPxA9BaLGY98QU1zsdjeCk113KjAYGPCen1ZP6mhVaTPzHd6UYv5r21DnWANi+f+NyPOHruGT9jpqQ==",
            "peerDependencies": {
                "diagnostic-channel": "*"
            }
        },
        "node_modules/dunder-proto": {
            "version": "1.0.1",
            "resolved": "https://registry.npmjs.org/dunder-proto/-/dunder-proto-1.0.1.tgz",
            "integrity": "sha512-KIN/nDJBQRcXw0MLVhZE9iQHmG68qAVIBg9CqmUYjmQIhgij9U5MFvrqkUL5FbtyyzZuOeOt0zdeRe4UY7ct+A==",
            "license": "MIT",
            "dependencies": {
                "call-bind-apply-helpers": "^1.0.1",
                "es-errors": "^1.3.0",
                "gopd": "^1.2.0"
            },
            "engines": {
                "node": ">= 0.4"
            }
        },
        "node_modules/durable-functions": {
            "version": "3.3.0",
            "resolved": "https://registry.npmjs.org/durable-functions/-/durable-functions-3.3.0.tgz",
            "integrity": "sha512-x05zUsM1h1Mk2GB2DRC88xhwDL4WWnMberORU2E0HpqC0mL1+qQ7fhAnGvkL5NrisLa+ECVxaXYStz43gbXF0Q==",
            "license": "MIT",
            "peer": true,
            "dependencies": {
                "@azure/functions": "^4.0.0",
                "@opentelemetry/api": "^1.9.0",
                "axios": "^1.11.0",
                "debug": "~2.6.9",
                "lodash": "^4.17.15",
                "moment": "^2.29.2",
                "uuid": "^9.0.1",
                "validator": "~13.15.20"
            },
            "engines": {
                "node": ">=18.0"
            }
        },
        "node_modules/emitter-listener": {
            "version": "1.1.2",
            "resolved": "https://registry.npmjs.org/emitter-listener/-/emitter-listener-1.1.2.tgz",
            "integrity": "sha512-Bt1sBAGFHY9DKY+4/2cV6izcKJUf5T7/gkdmkxzX/qv9CcGH8xSwVRW5mtX03SWJtRTWSOpzCuWN9rBFYZepZQ==",
            "dependencies": {
                "shimmer": "^1.2.0"
            }
        },
        "node_modules/es-define-property": {
            "version": "1.0.1",
            "resolved": "https://registry.npmjs.org/es-define-property/-/es-define-property-1.0.1.tgz",
            "integrity": "sha512-e3nRfgfUZ4rNGL232gUgX06QNyyez04KdjFrF+LTRoOXmrOgFKDg4BCdsjW8EnT69eqdYGmRpJwiPVYNrCaW3g==",
            "license": "MIT",
            "engines": {
                "node": ">= 0.4"
            }
        },
        "node_modules/es-errors": {
            "version": "1.3.0",
            "resolved": "https://registry.npmjs.org/es-errors/-/es-errors-1.3.0.tgz",
            "integrity": "sha512-Zf5H2Kxt2xjTvbJvP2ZWLEICxA6j+hAmMzIlypy4xcBg1vKVnx89Wy0GbS+kf5cwCVFFzdCFh2XSCFNULS6csw==",
            "license": "MIT",
            "engines": {
                "node": ">= 0.4"
            }
        },
        "node_modules/es-object-atoms": {
            "version": "1.1.1",
            "resolved": "https://registry.npmjs.org/es-object-atoms/-/es-object-atoms-1.1.1.tgz",
            "integrity": "sha512-FGgH2h8zKNim9ljj7dankFPcICIK9Cp5bm+c2gQSYePhpaG5+esrLODihIorn+Pe6FGJzWhXQotPv73jTaldXA==",
            "license": "MIT",
            "dependencies": {
                "es-errors": "^1.3.0"
            },
            "engines": {
                "node": ">= 0.4"
            }
        },
        "node_modules/es-set-tostringtag": {
            "version": "2.1.0",
            "resolved": "https://registry.npmjs.org/es-set-tostringtag/-/es-set-tostringtag-2.1.0.tgz",
            "integrity": "sha512-j6vWzfrGVfyXxge+O0x5sh6cvxAog0a/4Rdd2K36zCMV5eJ+/+tOAngRO8cODMNWbVRdVlmGZQL2YS3yR8bIUA==",
            "license": "MIT",
            "dependencies": {
                "es-errors": "^1.3.0",
                "get-intrinsic": "^1.2.6",
                "has-tostringtag": "^1.0.2",
                "hasown": "^2.0.2"
            },
            "engines": {
                "node": ">= 0.4"
            }
        },
        "node_modules/follow-redirects": {
            "version": "1.15.9",
            "resolved": "https://registry.npmjs.org/follow-redirects/-/follow-redirects-1.15.9.tgz",
            "integrity": "sha512-gew4GsXizNgdoRyqmyfMHyAmXsZDk6mHkSxZFCzW9gwlbtOW44CDtYavM+y+72qD/Vq2l550kMF52DT8fOLJqQ==",
            "funding": [
                {
                    "type": "individual",
                    "url": "https://github.com/sponsors/RubenVerborgh"
                }
            ],
            "engines": {
                "node": ">=4.0"
            },
            "peerDependenciesMeta": {
                "debug": {
                    "optional": true
                }
            }
        },
        "node_modules/form-data": {
            "version": "4.0.4",
            "resolved": "https://registry.npmjs.org/form-data/-/form-data-4.0.4.tgz",
            "integrity": "sha512-KrGhL9Q4zjj0kiUt5OO4Mr/A/jlI2jDYs5eHBpYHPcBEVSiipAvn2Ko2HnPe20rmcuuvMHNdZFp+4IlGTMF0Ow==",
            "license": "MIT",
            "dependencies": {
                "asynckit": "^0.4.0",
                "combined-stream": "^1.0.8",
                "es-set-tostringtag": "^2.1.0",
                "hasown": "^2.0.2",
                "mime-types": "^2.1.12"
            },
            "engines": {
                "node": ">= 6"
            }
        },
        "node_modules/function-bind": {
            "version": "1.1.2",
            "resolved": "https://registry.npmjs.org/function-bind/-/function-bind-1.1.2.tgz",
            "integrity": "sha512-7XHNxH7qX9xG5mIwxkhumTox/MIRNcOgDrxWsMt2pAr23WHp6MrRlN7FBSFpCpr+oVO0F744iUgR82nJMfG2SA==",
            "funding": {
                "url": "https://github.com/sponsors/ljharb"
            }
        },
        "node_modules/get-intrinsic": {
            "version": "1.3.0",
            "resolved": "https://registry.npmjs.org/get-intrinsic/-/get-intrinsic-1.3.0.tgz",
            "integrity": "sha512-9fSjSaos/fRIVIp+xSJlE6lfwhES7LNtKaCBIamHsjr2na1BiABJPo0mOjjz8GJDURarmCPGqaiVg5mfjb98CQ==",
            "license": "MIT",
            "dependencies": {
                "call-bind-apply-helpers": "^1.0.2",
                "es-define-property": "^1.0.1",
                "es-errors": "^1.3.0",
                "es-object-atoms": "^1.1.1",
                "function-bind": "^1.1.2",
                "get-proto": "^1.0.1",
                "gopd": "^1.2.0",
                "has-symbols": "^1.1.0",
                "hasown": "^2.0.2",
                "math-intrinsics": "^1.1.0"
            },
            "engines": {
                "node": ">= 0.4"
            },
            "funding": {
                "url": "https://github.com/sponsors/ljharb"
            }
        },
        "node_modules/get-proto": {
            "version": "1.0.1",
            "resolved": "https://registry.npmjs.org/get-proto/-/get-proto-1.0.1.tgz",
            "integrity": "sha512-sTSfBjoXBp89JvIKIefqw7U2CCebsc74kiY6awiGogKtoSGbgjYE/G/+l9sF3MWFPNc9IcoOC4ODfKHfxFmp0g==",
            "license": "MIT",
            "dependencies": {
                "dunder-proto": "^1.0.1",
                "es-object-atoms": "^1.0.0"
            },
            "engines": {
                "node": ">= 0.4"
            }
        },
        "node_modules/gopd": {
            "version": "1.2.0",
            "resolved": "https://registry.npmjs.org/gopd/-/gopd-1.2.0.tgz",
            "integrity": "sha512-ZUKRh6/kUFoAiTAtTYPZJ3hw9wNxx+BIBOijnlG9PnrJsCcSjs1wyyD6vJpaYtgnzDrKYRSqf3OO6Rfa93xsRg==",
            "license": "MIT",
            "engines": {
                "node": ">= 0.4"
            },
            "funding": {
                "url": "https://github.com/sponsors/ljharb"
            }
        },
        "node_modules/has-symbols": {
            "version": "1.1.0",
            "resolved": "https://registry.npmjs.org/has-symbols/-/has-symbols-1.1.0.tgz",
            "integrity": "sha512-1cDNdwJ2Jaohmb3sg4OmKaMBwuC48sYni5HUw2DvsC8LjGTLK9h+eb1X6RyuOHe4hT0ULCW68iomhjUoKUqlPQ==",
            "license": "MIT",
            "engines": {
                "node": ">= 0.4"
            },
            "funding": {
                "url": "https://github.com/sponsors/ljharb"
            }
        },
        "node_modules/has-tostringtag": {
            "version": "1.0.2",
            "resolved": "https://registry.npmjs.org/has-tostringtag/-/has-tostringtag-1.0.2.tgz",
            "integrity": "sha512-NqADB8VjPFLM2V0VvHUewwwsw0ZWBaIdgo+ieHtK3hasLz4qeCRjYcqfB6AQrBggRKppKF8L52/VqdVsO47Dlw==",
            "license": "MIT",
            "dependencies": {
                "has-symbols": "^1.0.3"
            },
            "engines": {
                "node": ">= 0.4"
            },
            "funding": {
                "url": "https://github.com/sponsors/ljharb"
            }
        },
        "node_modules/hasown": {
            "version": "2.0.2",
            "resolved": "https://registry.npmjs.org/hasown/-/hasown-2.0.2.tgz",
            "integrity": "sha512-0hJU9SCPvmMzIBdZFqNPXWa6dqh7WdH0cII9y+CyS8rG3nL48Bclra9HmKhVVUHyPWNH5Y7xDwAB7bfgSjkUMQ==",
            "dependencies": {
                "function-bind": "^1.1.2"
            },
            "engines": {
                "node": ">= 0.4"
            }
        },
        "node_modules/http-proxy-agent": {
            "version": "7.0.2",
            "resolved": "https://registry.npmjs.org/http-proxy-agent/-/http-proxy-agent-7.0.2.tgz",
            "integrity": "sha512-T1gkAiYYDWYx3V5Bmyu7HcfcvL7mUrTWiM6yOfa3PIphViJ/gFPbvidQ+veqSOHci/PxBcDabeUNCzpOODJZig==",
            "dependencies": {
                "agent-base": "^7.1.0",
                "debug": "^4.3.4"
            },
            "engines": {
                "node": ">= 14"
            }
        },
        "node_modules/http-proxy-agent/node_modules/debug": {
            "version": "4.4.0",
            "resolved": "https://registry.npmjs.org/debug/-/debug-4.4.0.tgz",
            "integrity": "sha512-6WTZ/IxCY/T6BALoZHaE4ctp9xm+Z5kY/pzYaCHRFeyVhojxlrm+46y68HA6hr0TcwEssoxNiDEUJQjfPZ/RYA==",
            "dependencies": {
                "ms": "^2.1.3"
            },
            "engines": {
                "node": ">=6.0"
            },
            "peerDependenciesMeta": {
                "supports-color": {
                    "optional": true
                }
            }
        },
        "node_modules/http-proxy-agent/node_modules/ms": {
            "version": "2.1.3",
            "resolved": "https://registry.npmjs.org/ms/-/ms-2.1.3.tgz",
            "integrity": "sha512-6FlzubTLZG3J2a/NVCAleEhjzq5oxgHyaCU9yYXvcLsvoVaHJq/s5xXI6/XXP6tz7R9xAOtHnSO/tXtF3WRTlA=="
        },
        "node_modules/https-proxy-agent": {
            "version": "7.0.6",
            "resolved": "https://registry.npmjs.org/https-proxy-agent/-/https-proxy-agent-7.0.6.tgz",
            "integrity": "sha512-vK9P5/iUfdl95AI+JVyUuIcVtd4ofvtrOr3HNtM2yxC9bnMbEdp3x01OhQNnjb8IJYi38VlTE3mBXwcfvywuSw==",
            "dependencies": {
                "agent-base": "^7.1.2",
                "debug": "4"
            },
            "engines": {
                "node": ">= 14"
            }
        },
        "node_modules/https-proxy-agent/node_modules/debug": {
            "version": "4.4.0",
            "resolved": "https://registry.npmjs.org/debug/-/debug-4.4.0.tgz",
            "integrity": "sha512-6WTZ/IxCY/T6BALoZHaE4ctp9xm+Z5kY/pzYaCHRFeyVhojxlrm+46y68HA6hr0TcwEssoxNiDEUJQjfPZ/RYA==",
            "dependencies": {
                "ms": "^2.1.3"
            },
            "engines": {
                "node": ">=6.0"
            },
            "peerDependenciesMeta": {
                "supports-color": {
                    "optional": true
                }
            }
        },
        "node_modules/https-proxy-agent/node_modules/ms": {
            "version": "2.1.3",
            "resolved": "https://registry.npmjs.org/ms/-/ms-2.1.3.tgz",
            "integrity": "sha512-6FlzubTLZG3J2a/NVCAleEhjzq5oxgHyaCU9yYXvcLsvoVaHJq/s5xXI6/XXP6tz7R9xAOtHnSO/tXtF3WRTlA=="
        },
        "node_modules/import-in-the-middle": {
            "version": "1.11.3",
            "resolved": "https://registry.npmjs.org/import-in-the-middle/-/import-in-the-middle-1.11.3.tgz",
            "integrity": "sha512-tNpKEb4AjZrCyrxi+Eyu43h5ig0O8ZRFSXPHh/00/o+4P4pKzVEW/m5lsVtsAT7fCIgmQOAPjdqecGDsBXRxsw==",
            "dependencies": {
                "acorn": "^8.8.2",
                "acorn-import-attributes": "^1.9.5",
                "cjs-module-lexer": "^1.2.2",
                "module-details-from-path": "^1.0.3"
            }
        },
        "node_modules/is-core-module": {
            "version": "2.16.0",
            "resolved": "https://registry.npmjs.org/is-core-module/-/is-core-module-2.16.0.tgz",
            "integrity": "sha512-urTSINYfAYgcbLb0yDQ6egFm6h3Mo1DcF9EkyXSRjjzdHbsulg01qhwWuXdOoUBuTkbQ80KDboXa0vFJ+BDH+g==",
            "dependencies": {
                "hasown": "^2.0.2"
            },
            "engines": {
                "node": ">= 0.4"
            },
            "funding": {
                "url": "https://github.com/sponsors/ljharb"
            }
        },
        "node_modules/joi": {
            "version": "17.13.3",
            "resolved": "https://registry.npmjs.org/joi/-/joi-17.13.3.tgz",
            "integrity": "sha512-otDA4ldcIx+ZXsKHWmp0YizCweVRZG96J10b0FevjfuncLO1oX59THoAmHkNubYJ+9gWsYsp5k8v4ib6oDv1fA==",
            "peer": true,
            "dependencies": {
                "@hapi/hoek": "^9.3.0",
                "@hapi/topo": "^5.1.0",
                "@sideway/address": "^4.1.5",
                "@sideway/formula": "^3.0.1",
                "@sideway/pinpoint": "^2.0.0"
            }
        },
        "node_modules/jwt-decode": {
            "version": "4.0.0",
            "resolved": "https://registry.npmjs.org/jwt-decode/-/jwt-decode-4.0.0.tgz",
            "integrity": "sha512-+KJGIyHgkGuIq3IEBNftfhW/LfWhXUIY6OmyVWjliu5KH1y0fw7VQ8YndE2O4qZdMSd9SqbnC8GOcZEy0Om7sA==",
            "engines": {
                "node": ">=18"
            }
        },
        "node_modules/lodash": {
            "version": "4.17.21",
            "resolved": "https://registry.npmjs.org/lodash/-/lodash-4.17.21.tgz",
            "integrity": "sha512-v2kDEe57lecTulaDIuNTPy3Ry4gLGJ6Z1O3vE1krgXZNrsQ+LFTGHVxVjcXPs17LhbZVGedAJv8XZ1tvj5FvSg=="
        },
        "node_modules/long": {
            "version": "4.0.0",
            "resolved": "https://registry.npmjs.org/long/-/long-4.0.0.tgz",
            "integrity": "sha512-XsP+KhQif4bjX1kbuSiySJFNAehNxgLb6hPRGJ9QsUr8ajHkuXGdrHmFUTUUXhDwVX2R5bY4JNZEwbUiMhV+MA=="
        },
        "node_modules/math-intrinsics": {
            "version": "1.1.0",
            "resolved": "https://registry.npmjs.org/math-intrinsics/-/math-intrinsics-1.1.0.tgz",
            "integrity": "sha512-/IXtbwEk5HTPyEwyKX6hGkYXxM9nbj64B+ilVJnC/R6B0pH5G4V3b0pVbL7DBj4tkhBAppbQUlf6F6Xl9LHu1g==",
            "license": "MIT",
            "engines": {
                "node": ">= 0.4"
            }
        },
        "node_modules/mime-db": {
            "version": "1.52.0",
            "resolved": "https://registry.npmjs.org/mime-db/-/mime-db-1.52.0.tgz",
            "integrity": "sha512-sPU4uV7dYlvtWJxwwxHD0PuihVNiE7TyAbQ5SWxDCB9mUYvOgroQOwYQQOKPJ8CIbE+1ETVlOoK1UC2nU3gYvg==",
            "engines": {
                "node": ">= 0.6"
            }
        },
        "node_modules/mime-types": {
            "version": "2.1.35",
            "resolved": "https://registry.npmjs.org/mime-types/-/mime-types-2.1.35.tgz",
            "integrity": "sha512-ZDY+bPm5zTTF+YpCrAU9nK0UgICYPT0QtT1NZWFv4s++TNkcgVaT0g6+4R2uI4MjQjzysHB1zxuWL50hzaeXiw==",
            "dependencies": {
                "mime-db": "1.52.0"
            },
            "engines": {
                "node": ">= 0.6"
            }
        },
        "node_modules/module-details-from-path": {
            "version": "1.0.3",
            "resolved": "https://registry.npmjs.org/module-details-from-path/-/module-details-from-path-1.0.3.tgz",
            "integrity": "sha512-ySViT69/76t8VhE1xXHK6Ch4NcDd26gx0MzKXLO+F7NOtnqH68d9zF94nT8ZWSxXh8ELOERsnJO/sWt1xZYw5A=="
        },
        "node_modules/moment": {
            "version": "2.30.1",
            "resolved": "https://registry.npmjs.org/moment/-/moment-2.30.1.tgz",
            "integrity": "sha512-uEmtNhbDOrWPFS+hdjFCBfy9f2YoyzRpwcl+DqpC6taX21FzsTLQVbMV/W7PzNSX6x/bhC1zA3c2UQ5NzH6how==",
            "engines": {
                "node": "*"
            }
        },
        "node_modules/ms": {
            "version": "2.0.0",
            "resolved": "https://registry.npmjs.org/ms/-/ms-2.0.0.tgz",
            "integrity": "sha512-Tpp60P6IUJDTuOq/5Z8cdskzJujfwqfOTkrwIwj7IRISpnkJnT6SyJ4PCPnGMoFjC9ddhal5KVIYtAt97ix05A=="
        },
        "node_modules/path-parse": {
            "version": "1.0.7",
            "resolved": "https://registry.npmjs.org/path-parse/-/path-parse-1.0.7.tgz",
            "integrity": "sha512-LDJzPVEEEPR+y48z93A0Ed0yXb8pAByGWo/k5YYdYgpY2/2EsOsksJrq7lOHxryrVOn1ejG6oAp8ahvOIQD8sw=="
        },
        "node_modules/proxy-from-env": {
            "version": "1.1.0",
            "resolved": "https://registry.npmjs.org/proxy-from-env/-/proxy-from-env-1.1.0.tgz",
            "integrity": "sha512-D+zkORCbA9f1tdWRK0RaCR3GPv50cMxcrz4X8k5LTSUD1Dkw47mKJEZQNunItRTkWwgtaUSo1RVFRIG9ZXiFYg=="
        },
        "node_modules/require-in-the-middle": {
            "version": "7.4.0",
            "resolved": "https://registry.npmjs.org/require-in-the-middle/-/require-in-the-middle-7.4.0.tgz",
            "integrity": "sha512-X34iHADNbNDfr6OTStIAHWSAvvKQRYgLO6duASaVf7J2VA3lvmNYboAHOuLC2huav1IwgZJtyEcJCKVzFxOSMQ==",
            "dependencies": {
                "debug": "^4.3.5",
                "module-details-from-path": "^1.0.3",
                "resolve": "^1.22.8"
            },
            "engines": {
                "node": ">=8.6.0"
            }
        },
        "node_modules/require-in-the-middle/node_modules/debug": {
            "version": "4.4.0",
            "resolved": "https://registry.npmjs.org/debug/-/debug-4.4.0.tgz",
            "integrity": "sha512-6WTZ/IxCY/T6BALoZHaE4ctp9xm+Z5kY/pzYaCHRFeyVhojxlrm+46y68HA6hr0TcwEssoxNiDEUJQjfPZ/RYA==",
            "dependencies": {
                "ms": "^2.1.3"
            },
            "engines": {
                "node": ">=6.0"
            },
            "peerDependenciesMeta": {
                "supports-color": {
                    "optional": true
                }
            }
        },
        "node_modules/require-in-the-middle/node_modules/ms": {
            "version": "2.1.3",
            "resolved": "https://registry.npmjs.org/ms/-/ms-2.1.3.tgz",
            "integrity": "sha512-6FlzubTLZG3J2a/NVCAleEhjzq5oxgHyaCU9yYXvcLsvoVaHJq/s5xXI6/XXP6tz7R9xAOtHnSO/tXtF3WRTlA=="
        },
        "node_modules/resolve": {
            "version": "1.22.9",
            "resolved": "https://registry.npmjs.org/resolve/-/resolve-1.22.9.tgz",
            "integrity": "sha512-QxrmX1DzraFIi9PxdG5VkRfRwIgjwyud+z/iBwfRRrVmHc+P9Q7u2lSSpQ6bjr2gy5lrqIiU9vb6iAeGf2400A==",
            "dependencies": {
                "is-core-module": "^2.16.0",
                "path-parse": "^1.0.7",
                "supports-preserve-symlinks-flag": "^1.0.0"
            },
            "bin": {
                "resolve": "bin/resolve"
            },
            "funding": {
                "url": "https://github.com/sponsors/ljharb"
            }
        },
        "node_modules/semver": {
            "version": "7.6.3",
            "resolved": "https://registry.npmjs.org/semver/-/semver-7.6.3.tgz",
            "integrity": "sha512-oVekP1cKtI+CTDvHWYFUcMtsK/00wmAEfyqKfNdARm8u1wNVhSgaX7A8d4UuIlUI5e84iEwOhs7ZPYRmzU9U6A==",
            "bin": {
                "semver": "bin/semver.js"
            },
            "engines": {
                "node": ">=10"
            }
        },
        "node_modules/shimmer": {
            "version": "1.2.1",
            "resolved": "https://registry.npmjs.org/shimmer/-/shimmer-1.2.1.tgz",
            "integrity": "sha512-sQTKC1Re/rM6XyFM6fIAGHRPVGvyXfgzIDvzoq608vM+jeyVD0Tu1E6Np0Kc2zAIFWIj963V2800iF/9LPieQw=="
        },
        "node_modules/stack-chain": {
            "version": "1.3.7",
            "resolved": "https://registry.npmjs.org/stack-chain/-/stack-chain-1.3.7.tgz",
            "integrity": "sha512-D8cWtWVdIe/jBA7v5p5Hwl5yOSOrmZPWDPe2KxQ5UAGD+nxbxU0lKXA4h85Ta6+qgdKVL3vUxsbIZjc1kBG7ug=="
        },
        "node_modules/supports-preserve-symlinks-flag": {
            "version": "1.0.0",
            "resolved": "https://registry.npmjs.org/supports-preserve-symlinks-flag/-/supports-preserve-symlinks-flag-1.0.0.tgz",
            "integrity": "sha512-ot0WnXS9fgdkgIcePe6RHNk1WA8+muPa6cSjeR3V8K27q9BB1rTE3R1p7Hv0z1ZyAc8s6Vvv8DIyWf681MAt0w==",
            "engines": {
                "node": ">= 0.4"
            },
            "funding": {
                "url": "https://github.com/sponsors/ljharb"
            }
        },
        "node_modules/tslib": {
            "version": "2.8.1",
            "resolved": "https://registry.npmjs.org/tslib/-/tslib-2.8.1.tgz",
            "integrity": "sha512-oJFu94HQb+KVduSUQL7wnpmqnfmLsOA/nAh6b6EH0wCEoK0/mPeXU6c3wKDV83MkOuHPRHtSXKKU99IBazS/2w=="
        },
        "node_modules/typescript": {
            "version": "5.7.2",
            "resolved": "https://registry.npmjs.org/typescript/-/typescript-5.7.2.tgz",
            "integrity": "sha512-i5t66RHxDvVN40HfDd1PsEThGNnlMCMT3jMUuoh9/0TaqWevNontacunWyN02LA9/fIbEWlcHZcgTKb9QoaLfg==",
            "dev": true,
            "bin": {
                "tsc": "bin/tsc",
                "tsserver": "bin/tsserver"
            },
            "engines": {
                "node": ">=14.17"
            }
        },
        "node_modules/undici": {
            "version": "5.29.0",
            "resolved": "https://registry.npmjs.org/undici/-/undici-5.29.0.tgz",
            "integrity": "sha512-raqeBD6NQK4SkWhQzeYKd1KmIG6dllBOTt55Rmkt4HtI9mwdWtJljnrXjAFUBLTSN67HWrOIZ3EPF4kjUw80Bg==",
            "license": "MIT",
            "dependencies": {
                "@fastify/busboy": "^2.0.0"
            },
            "engines": {
                "node": ">=14.0"
            }
        },
        "node_modules/uuid": {
            "version": "9.0.1",
            "resolved": "https://registry.npmjs.org/uuid/-/uuid-9.0.1.tgz",
            "integrity": "sha512-b+1eJOlsR9K8HJpow9Ok3fiWOWSIcIzXodvv0rQjVoOVNpWMpxf1wZNpt4y9h10odCNrqnYp1OBzRktckBe3sA==",
            "funding": [
                "https://github.com/sponsors/broofa",
                "https://github.com/sponsors/ctavan"
            ],
            "license": "MIT",
            "bin": {
                "uuid": "dist/bin/uuid"
            }
        },
        "node_modules/validator": {
            "version": "13.15.23",
            "resolved": "https://registry.npmjs.org/validator/-/validator-13.15.23.tgz",
            "integrity": "sha512-4yoz1kEWqUjzi5zsPbAS/903QXSYp0UOtHsPpp7p9rHAw/W+dkInskAE386Fat3oKRROwO98d9ZB0G4cObgUyw==",
            "license": "MIT",
            "engines": {
                "node": ">= 0.10"
            }
        }
    }
}
